
Microsoft Visual Studio Solution File, Format Version 12.00
# Visual Studio 15
VisualStudioVersion = 15.0.27703.2047
MinimumVisualStudioVersion = 10.0.40219.1
Project("{9A19103F-16F7-4668-BE54-9A1E7A4F7556}") = "GrammarExtensions", "GrammarExtensions\GrammarExtensions.csproj", "{79A9E71B-03CF-4511-B7EF-693C3E1825A8}"
EndProject
Project("{FAE04EC0-301F-11D3-BF4B-00C04F79EFBC}") = "GrammarExtensionsTests", "GrammarExtensionsTests\GrammarExtensionsTests.csproj", "{648AA98D-1F08-48BA-BE0D-9E69A0DEBF64}"
EndProject
Global
	GlobalSection(SolutionConfigurationPlatforms) = preSolution
		Debug|Any CPU = Debug|Any CPU
		Release|Any CPU = Release|Any CPU
	EndGlobalSection
	GlobalSection(ProjectConfigurationPlatforms) = postSolution
		{79A9E71B-03CF-4511-B7EF-693C3E1825A8}.Debug|Any CPU.ActiveCfg = Debug|Any CPU
		{79A9E71B-03CF-4511-B7EF-693C3E1825A8}.Debug|Any CPU.Build.0 = Debug|Any CPU
		{79A9E71B-03CF-4511-B7EF-693C3E1825A8}.Release|Any CPU.ActiveCfg = Release|Any CPU
		{79A9E71B-03CF-4511-B7EF-693C3E1825A8}.Release|Any CPU.Build.0 = Release|Any CPU
		{648AA98D-1F08-48BA-BE0D-9E69A0DEBF64}.Debug|Any CPU.ActiveCfg = Debug|Any CPU
		{648AA98D-1F08-48BA-BE0D-9E69A0DEBF64}.Debug|Any CPU.Build.0 = Debug|Any CPU
		{648AA98D-1F08-48BA-BE0D-9E69A0DEBF64}.Release|Any CPU.ActiveCfg = Release|Any CPU
		{648AA98D-1F08-48BA-BE0D-9E69A0DEBF64}.Release|Any CPU.Build.0 = Release|Any CPU
	EndGlobalSection
	GlobalSection(SolutionProperties) = preSolution
		HideSolutionNode = FALSE
	EndGlobalSection
	GlobalSection(ExtensibilityGlobals) = postSolution
		SolutionGuid = {BC98B8CF-3307-4F49-BA93-101A8237CB33}
	EndGlobalSection
EndGlobal
